{
  "# To retain chunks of comments & code during kettle-jem templating:\n# Wrap custom sections with freeze markers (e.g., as above and below this comment chunk).": [
    {
      "file": "Appraisals",
      "lines": [
        4,
        15
      ]
    }
  ],
  "# Wrap custom sections with freeze markers (e.g., as above and below this comment chunk).\n# kettle-jem will then preserve content between those markers across template runs.": [
    {
      "file": "Appraisals",
      "lines": [
        5,
        16
      ]
    }
  ],
  "# kettle-jem will then preserve content between those markers across template runs.\n# kettle-jem:unfreeze": [
    {
      "file": "Appraisals",
      "lines": [
        6,
        17
      ]
    }
  ],
  "# kettle-jem:freeze\n# To retain chunks of comments & code during kettle-jem templating:": [
    {
      "file": "Appraisals",
      "lines": [
        3,
        14
      ]
    }
  ],
  "// Use 'forwardPorts' to make a list of ports inside the container available locally.\n// \"forwardPorts\": [],": [
    {
      "file": ".devcontainer/devcontainer.json",
      "lines": [
        11,
        22
      ]
    }
  ],
  "appraisal: \"dep-heads\"\nexec_cmd: \"kettle-test\"": [
    {
      "file": ".github/workflows/dep-heads.yml",
      "lines": [
        44,
        51,
        58
      ]
    }
  ],
  "appraisal: \"head\"\nexec_cmd: \"kettle-test\"": [
    {
      "file": ".github/workflows/heads.yml",
      "lines": [
        43,
        50,
        57
      ]
    }
  ],
  "eval_gemfile \"modular/x_std_libs.gemfile\"\neval_gemfile(\"modular/audit.gemfile\")": [
    {
      "file": "Appraisals",
      "lines": [
        60,
        127
      ]
    }
  ],
  "exec_cmd: \"kettle-test\"\nrubygems: default": [
    {
      "file": ".github/workflows/dep-heads.yml",
      "lines": [
        52,
        59
      ]
    },
    {
      "file": ".github/workflows/heads.yml",
      "lines": [
        44,
        51,
        58
      ]
    }
  ]
}
