{
  "gemfiles/modular/templating.gemfile:3520099156": [
    [14, 3, 50, "Bundler/DuplicatedGem: Gem `tree_sitter_language_pack` requirements already given on line 10 of the Gemfile.", 1000260798]
  ],
  "spec/acceptance/cli/generate_spec.rb:1432205316": [
    [37, 5, 50, "Env/Assign: Mock the return value of an ENV variable instead of assigning to ENV directly.", 2657836748],
    [68, 5, 36, "Env/Assign: Mock the return value of an ENV variable instead of assigning to ENV directly.", 1239579025]
  ],
  "spec/appraisal/appraisal_file_spec.rb:3569207313": [
    [31, 5, 40, "Env/Assign: Mock the return value of an ENV variable instead of assigning to ENV directly.", 1085013485],
    [34, 5, 27, "Env/Assign: Mock the return value of an ENV variable instead of assigning to ENV directly.", 224029588]
  ]
}
