{
  "appraisal2.gemspec:1097923732": [
    [35, 32, 10, "Gemspec/RequiredRubyVersion: `required_ruby_version` and `TargetRubyVersion` (2.0, which may be specified in .rubocop.yml) should be equal.", 3998630200]
  ],
  "spec/appraisal/bundler_dsl_spec.rb:3320894796": [
    [219, 7, 45, "Env/Assign: Mock the return value of an ENV variable instead of assigning to ENV directly.", 3449135615],
    [223, 16, 40, "Env/Assign: Mock the return value of an ENV variable instead of assigning to ENV directly.", 2309639542],
    [235, 16, 37, "Env/Assign: Mock the return value of an ENV variable instead of assigning to ENV directly.", 4245153878],
    [247, 16, 34, "Env/Assign: Mock the return value of an ENV variable instead of assigning to ENV directly.", 3462565144]
  ],
  "spec/appraisal/command_spec.rb:1464941113": [
    [81, 11, 35, "Env/Assign: Mock the return value of an ENV variable instead of assigning to ENV directly.", 2170279131],
    [82, 11, 38, "Env/Assign: Mock the return value of an ENV variable instead of assigning to ENV directly.", 536362671],
    [83, 11, 26, "Env/Assign: Mock the return value of an ENV variable instead of assigning to ENV directly.", 1290931372],
    [84, 11, 32, "Env/Assign: Mock the return value of an ENV variable instead of assigning to ENV directly.", 396917143],
    [98, 11, 41, "Env/Assign: Mock the return value of an ENV variable instead of assigning to ENV directly.", 2675341381],
    [99, 11, 33, "Env/Assign: Mock the return value of an ENV variable instead of assigning to ENV directly.", 238990725],
    [100, 11, 45, "Env/Assign: Mock the return value of an ENV variable instead of assigning to ENV directly.", 845493701],
    [101, 11, 49, "Env/Assign: Mock the return value of an ENV variable instead of assigning to ENV directly.", 1760233061]
  ]
}
