{
  "appraisal2.gemspec:697359255": [
    [34, 32, 10, "Gemspec/RequiredRubyVersion: `required_ruby_version` and `TargetRubyVersion` (2.0, which may be specified in .rubocop.yml) should be equal.", 3998630200]
  ],
  "lib/appraisal/bundler_dsl.rb:3162571999": [
    [153, 17, 3, "Style/MapJoin: Remove redundant `map(&:to_s)` before `join`.", 193414073]
  ],
  "lib/appraisal/dependency_list.rb:1269446823": [
    [30, 28, 3, "Style/MapJoin: Remove redundant `map(&:to_s)` before `join`.", 193414073]
  ],
  "spec/acceptance/cli/run_spec.rb:171720885": [
    [16, 27, 35, "Lint/InterpolationCheck: Interpolation in single quoted string detected. Use double quoted strings if you need interpolation.", 874607702],
    [17, 39, 35, "Lint/InterpolationCheck: Interpolation in single quoted string detected. Use double quoted strings if you need interpolation.", 874607702]
  ]
}
