PATH
  remote: /var/home/pboling/src/appraisal-rb/appraisal2
  specs:
    appraisal2 (3.0.0)
      bundler (>= 1.17.3)
      rake (>= 10)
      thor (>= 0.14)

PATH
  remote: specdir
  specs:
    gemspec_project (0.1)

GEM
  remote: https://rubygems.org/
  specs:
    dummy (1.1.0)
    rake (13.3.1)
    thor (1.5.0)

PLATFORMS
  aarch64-linux-gnu
  aarch64-linux-musl
  arm-linux-gnu
  arm-linux-musl
  arm64-darwin
  x86_64-darwin
  x86_64-linux-gnu
  x86_64-linux-musl

DEPENDENCIES
  appraisal2!
  dummy (= 1.1.0)
  gemspec_project!

BUNDLED WITH
  4.0.3
